
Microsoft Visual Studio Solution File, Format Version 12.00
# Visual Studio Version 17
VisualStudioVersion = 17.9.34622.214
MinimumVisualStudioVersion = 10.0.40219.1
Project("{FAE04EC0-301F-11D3-BF4B-00C04F79EFBC}") = "WagesApp_L1", "WagesApp_L1\WagesApp_L1.csproj", "{7452AE9F-4239-4B71-85FE-A2CE48E2D7FE}"
EndProject
Global
	GlobalSection(SolutionConfigurationPlatforms) = preSolution
		Debug|Any CPU = Debug|Any CPU
		Release|Any CPU = Release|Any CPU
	EndGlobalSection
	GlobalSection(ProjectConfigurationPlatforms) = postSolution
		{7452AE9F-4239-4B71-85FE-A2CE48E2D7FE}.Debug|Any CPU.ActiveCfg = Debug|Any CPU
		{7452AE9F-4239-4B71-85FE-A2CE48E2D7FE}.Debug|Any CPU.Build.0 = Debug|Any CPU
		{7452AE9F-4239-4B71-85FE-A2CE48E2D7FE}.Release|Any CPU.ActiveCfg = Release|Any CPU
		{7452AE9F-4239-4B71-85FE-A2CE48E2D7FE}.Release|Any CPU.Build.0 = Release|Any CPU
	EndGlobalSection
	GlobalSection(SolutionProperties) = preSolution
		HideSolutionNode = FALSE
	EndGlobalSection
	GlobalSection(ExtensibilityGlobals) = postSolution
		SolutionGuid = {6D424D4B-DB72-46B5-9CAA-12AE3DA9C148}
	EndGlobalSection
EndGlobal
